// !$*UTF8*$!
{
	archiveVersion = 1;
	classes = {
	};
	objectVersion = 77;
	objects = {

/* Begin PBXBuildFile section */
		9B2A73702C9E47EA00379E79 /* AppDelegate.swift in Sources */ = {isa = PBXBuildFile; fileRef = 9B2A73672C9E47EA00379E79 /* AppDelegate.swift */; };
		9B2A73722C9E47EA00379E79 /* SceneDelegate.swift in Sources */ = {isa = PBXBuildFile; fileRef = 9B2A736D2C9E47EA00379E79 /* SceneDelegate.swift */; };
		9B2A73742C9E47EA00379E79 /* Assets.xcassets in Resources */ = {isa = PBXBuildFile; fileRef = 9B2A73682C9E47EA00379E79 /* Assets.xcassets */; };
		9B2A73762C9E47EA00379E79 /* LaunchScreen.storyboard in Resources */ = {isa = PBXBuildFile; fileRef = 9B2A736C2C9E47EA00379E79 /* LaunchScreen.storyboard */; };
		9B2A73782C9E489800379E79 /* SearchVC.swift in Sources */ = {isa = PBXBuildFile; fileRef = 9B2A73772C9E489800379E79 /* SearchVC.swift */; };
		9B2A737A2C9E48A500379E79 /* FavoritesVC.swift in Sources */ = {isa = PBXBuildFile; fileRef = 9B2A73792C9E48A500379E79 /* FavoritesVC.swift */; };
		9B2A737C2C9E56FD00379E79 /* GFButton.swift in Sources */ = {isa = PBXBuildFile; fileRef = 9B2A737B2C9E56FD00379E79 /* GFButton.swift */; };
		9B2A737E2C9E601B00379E79 /* GFTextField.swift in Sources */ = {isa = PBXBuildFile; fileRef = 9B2A737D2C9E601B00379E79 /* GFTextField.swift */; };
		9B5201962C9F18D600A81767 /* FollowerListVC.swift in Sources */ = {isa = PBXBuildFile; fileRef = 9B5201952C9F18D600A81767 /* FollowerListVC.swift */; };
		9B60F3D82CA4C0FE0012D585 /* Follower.swift in Sources */ = {isa = PBXBuildFile; fileRef = 9B60F3D72CA4C0FE0012D585 /* Follower.swift */; };
		9B6514BC2CA8BFF40090A878 /* FollowerCell.swift in Sources */ = {isa = PBXBuildFile; fileRef = 9B6514BB2CA8BFF40090A878 /* FollowerCell.swift */; };
		9B6514BE2CA8C1700090A878 /* GFAvatarImageView.swift in Sources */ = {isa = PBXBuildFile; fileRef = 9B6514BD2CA8C1700090A878 /* GFAvatarImageView.swift */; };
		9BDBB82A2C9F26FF00B792C1 /* String+Ext.swift in Sources */ = {isa = PBXBuildFile; fileRef = 9BDBB8292C9F26FF00B792C1 /* String+Ext.swift */; };
		9BE08E362CA4C39400C3BE93 /* User.swift in Sources */ = {isa = PBXBuildFile; fileRef = 9BE08E352CA4C39400C3BE93 /* User.swift */; };
		9BE08E392CA4DFD400C3BE93 /* NetworkManager.swift in Sources */ = {isa = PBXBuildFile; fileRef = 9BE08E382CA4DFD400C3BE93 /* NetworkManager.swift */; };
		9BE08E3C2CA5D71E00C3BE93 /* ErrorMessage.swift in Sources */ = {isa = PBXBuildFile; fileRef = 9BE08E3B2CA5D71E00C3BE93 /* ErrorMessage.swift */; };
		9BE08E3E2CA7318B00C3BE93 /* Localizable.xcstrings in Resources */ = {isa = PBXBuildFile; fileRef = 9BE08E3D2CA7318B00C3BE93 /* Localizable.xcstrings */; };
		9BFD9FE92C9FA11400317287 /* GFTitleLabel.swift in Sources */ = {isa = PBXBuildFile; fileRef = 9BFD9FE82C9FA11400317287 /* GFTitleLabel.swift */; };
		9BFD9FEB2C9FA3AA00317287 /* GFBodyLabel.swift in Sources */ = {isa = PBXBuildFile; fileRef = 9BFD9FEA2C9FA3AA00317287 /* GFBodyLabel.swift */; };
		9BFD9FED2C9FA55F00317287 /* GFAlertVC.swift in Sources */ = {isa = PBXBuildFile; fileRef = 9BFD9FEC2C9FA55F00317287 /* GFAlertVC.swift */; };
		9BFD9FEF2C9FB1AF00317287 /* Ext+UIViewController.swift in Sources */ = {isa = PBXBuildFile; fileRef = 9BFD9FEE2C9FB1AF00317287 /* Ext+UIViewController.swift */; };
/* End PBXBuildFile section */

/* Begin PBXFileReference section */
		9B2A73182C9E20B700379E79 /* GitHubFollowers.app */ = {isa = PBXFileReference; explicitFileType = wrapper.application; includeInIndex = 0; path = GitHubFollowers.app; sourceTree = BUILT_PRODUCTS_DIR; };
		9B2A73672C9E47EA00379E79 /* AppDelegate.swift */ = {isa = PBXFileReference; lastKnownFileType = sourcecode.swift; path = AppDelegate.swift; sourceTree = "<group>"; };
		9B2A73682C9E47EA00379E79 /* Assets.xcassets */ = {isa = PBXFileReference; lastKnownFileType = folder.assetcatalog; path = Assets.xcassets; sourceTree = "<group>"; };
		9B2A736A2C9E47EA00379E79 /* Info.plist */ = {isa = PBXFileReference; lastKnownFileType = text.plist.xml; path = Info.plist; sourceTree = "<group>"; };
		9B2A736B2C9E47EA00379E79 /* Base */ = {isa = PBXFileReference; lastKnownFileType = file.storyboard; name = Base; path = Base.lproj/LaunchScreen.storyboard; sourceTree = "<group>"; };
		9B2A736D2C9E47EA00379E79 /* SceneDelegate.swift */ = {isa = PBXFileReference; lastKnownFileType = sourcecode.swift; path = SceneDelegate.swift; sourceTree = "<group>"; };
		9B2A73772C9E489800379E79 /* SearchVC.swift */ = {isa = PBXFileReference; lastKnownFileType = sourcecode.swift; path = SearchVC.swift; sourceTree = "<group>"; };
		9B2A73792C9E48A500379E79 /* FavoritesVC.swift */ = {isa = PBXFileReference; lastKnownFileType = sourcecode.swift; path = FavoritesVC.swift; sourceTree = "<group>"; };
		9B2A737B2C9E56FD00379E79 /* GFButton.swift */ = {isa = PBXFileReference; lastKnownFileType = sourcecode.swift; path = GFButton.swift; sourceTree = "<group>"; };
		9B2A737D2C9E601B00379E79 /* GFTextField.swift */ = {isa = PBXFileReference; lastKnownFileType = sourcecode.swift; path = GFTextField.swift; sourceTree = "<group>"; };
		9B5201952C9F18D600A81767 /* FollowerListVC.swift */ = {isa = PBXFileReference; lastKnownFileType = sourcecode.swift; path = FollowerListVC.swift; sourceTree = "<group>"; };
		9B60F3D72CA4C0FE0012D585 /* Follower.swift */ = {isa = PBXFileReference; lastKnownFileType = sourcecode.swift; path = Follower.swift; sourceTree = "<group>"; };
		9B6514BB2CA8BFF40090A878 /* FollowerCell.swift */ = {isa = PBXFileReference; lastKnownFileType = sourcecode.swift; path = FollowerCell.swift; sourceTree = "<group>"; };
		9B6514BD2CA8C1700090A878 /* GFAvatarImageView.swift */ = {isa = PBXFileReference; lastKnownFileType = sourcecode.swift; path = GFAvatarImageView.swift; sourceTree = "<group>"; };
		9BDBB8292C9F26FF00B792C1 /* String+Ext.swift */ = {isa = PBXFileReference; lastKnownFileType = sourcecode.swift; path = "String+Ext.swift"; sourceTree = "<group>"; };
		9BE08E352CA4C39400C3BE93 /* User.swift */ = {isa = PBXFileReference; lastKnownFileType = sourcecode.swift; path = User.swift; sourceTree = "<group>"; };
		9BE08E382CA4DFD400C3BE93 /* NetworkManager.swift */ = {isa = PBXFileReference; lastKnownFileType = sourcecode.swift; path = NetworkManager.swift; sourceTree = "<group>"; };
		9BE08E3B2CA5D71E00C3BE93 /* ErrorMessage.swift */ = {isa = PBXFileReference; lastKnownFileType = sourcecode.swift; path = ErrorMessage.swift; sourceTree = "<group>"; };
		9BE08E3D2CA7318B00C3BE93 /* Localizable.xcstrings */ = {isa = PBXFileReference; lastKnownFileType = text.json.xcstrings; path = Localizable.xcstrings; sourceTree = "<group>"; };
		9BFD9FE82C9FA11400317287 /* GFTitleLabel.swift */ = {isa = PBXFileReference; lastKnownFileType = sourcecode.swift; path = GFTitleLabel.swift; sourceTree = "<group>"; };
		9BFD9FEA2C9FA3AA00317287 /* GFBodyLabel.swift */ = {isa = PBXFileReference; lastKnownFileType = sourcecode.swift; path = GFBodyLabel.swift; sourceTree = "<group>"; };
		9BFD9FEC2C9FA55F00317287 /* GFAlertVC.swift */ = {isa = PBXFileReference; lastKnownFileType = sourcecode.swift; path = GFAlertVC.swift; sourceTree = "<group>"; };
		9BFD9FEE2C9FB1AF00317287 /* Ext+UIViewController.swift */ = {isa = PBXFileReference; lastKnownFileType = sourcecode.swift; path = "Ext+UIViewController.swift"; sourceTree = "<group>"; };
/* End PBXFileReference section */

/* Begin PBXFrameworksBuildPhase section */
		9B2A73152C9E20B700379E79 /* Frameworks */ = {
			isa = PBXFrameworksBuildPhase;
			buildActionMask = 2147483647;
			files = (
			);
			runOnlyForDeploymentPostprocessing = 0;
		};
/* End PBXFrameworksBuildPhase section */

/* Begin PBXGroup section */
		9B2A730F2C9E20B700379E79 = {
			isa = PBXGroup;
			children = (
				9B2A736F2C9E47EA00379E79 /* GitHubFollowers */,
				9B2A73192C9E20B700379E79 /* Products */,
			);
			sourceTree = "<group>";
		};
		9B2A73192C9E20B700379E79 /* Products */ = {
			isa = PBXGroup;
			children = (
				9B2A73182C9E20B700379E79 /* GitHubFollowers.app */,
			);
			name = Products;
			sourceTree = "<group>";
		};
		9B2A736F2C9E47EA00379E79 /* GitHubFollowers */ = {
			isa = PBXGroup;
			children = (
				9BE08E3A2CA5D6FF00C3BE93 /* Utilities */,
				9BE08E372CA4DFAD00C3BE93 /* Manager */,
				9B2A736A2C9E47EA00379E79 /* Info.plist */,
				9B60F3D62CA4C0C50012D585 /* Model */,
				9BFD9FF42C9FC9C600317287 /* Support */,
				9BFD9FF12C9FC86F00317287 /* Custom Views */,
				9BFD9FF02C9FC81100317287 /* Screens */,
				9BFD9FF22C9FC8D500317287 /* Extensions */,
				9BE08E3D2CA7318B00C3BE93 /* Localizable.xcstrings */,
			);
			path = GitHubFollowers;
			sourceTree = "<group>";
		};
		9B60F3D62CA4C0C50012D585 /* Model */ = {
			isa = PBXGroup;
			children = (
				9B60F3D72CA4C0FE0012D585 /* Follower.swift */,
				9BE08E352CA4C39400C3BE93 /* User.swift */,
			);
			path = Model;
			sourceTree = "<group>";
		};
		9B6514BA2CA8BFC50090A878 /* Cells */ = {
			isa = PBXGroup;
			children = (
				9B6514BB2CA8BFF40090A878 /* FollowerCell.swift */,
			);
			path = Cells;
			sourceTree = "<group>";
		};
		9BE08E372CA4DFAD00C3BE93 /* Manager */ = {
			isa = PBXGroup;
			children = (
				9BE08E382CA4DFD400C3BE93 /* NetworkManager.swift */,
			);
			path = Manager;
			sourceTree = "<group>";
		};
		9BE08E3A2CA5D6FF00C3BE93 /* Utilities */ = {
			isa = PBXGroup;
			children = (
				9BE08E3B2CA5D71E00C3BE93 /* ErrorMessage.swift */,
			);
			path = Utilities;
			sourceTree = "<group>";
		};
		9BFD9FF02C9FC81100317287 /* Screens */ = {
			isa = PBXGroup;
			children = (
				9B2A73772C9E489800379E79 /* SearchVC.swift */,
				9B2A73792C9E48A500379E79 /* FavoritesVC.swift */,
				9B5201952C9F18D600A81767 /* FollowerListVC.swift */,
			);
			path = Screens;
			sourceTree = "<group>";
		};
		9BFD9FF12C9FC86F00317287 /* Custom Views */ = {
			isa = PBXGroup;
			children = (
				9B6514BA2CA8BFC50090A878 /* Cells */,
				9B2A737B2C9E56FD00379E79 /* GFButton.swift */,
				9B2A737D2C9E601B00379E79 /* GFTextField.swift */,
				9BFD9FE82C9FA11400317287 /* GFTitleLabel.swift */,
				9BFD9FEA2C9FA3AA00317287 /* GFBodyLabel.swift */,
				9BFD9FEC2C9FA55F00317287 /* GFAlertVC.swift */,
				9B6514BD2CA8C1700090A878 /* GFAvatarImageView.swift */,
			);
			path = "Custom Views";
			sourceTree = "<group>";
		};
		9BFD9FF22C9FC8D500317287 /* Extensions */ = {
			isa = PBXGroup;
			children = (
				9BDBB8292C9F26FF00B792C1 /* String+Ext.swift */,
				9BFD9FEE2C9FB1AF00317287 /* Ext+UIViewController.swift */,
			);
			path = Extensions;
			sourceTree = "<group>";
		};
		9BFD9FF42C9FC9C600317287 /* Support */ = {
			isa = PBXGroup;
			children = (
				9B2A73672C9E47EA00379E79 /* AppDelegate.swift */,
				9B2A736D2C9E47EA00379E79 /* SceneDelegate.swift */,
				9B2A73682C9E47EA00379E79 /* Assets.xcassets */,
				9B2A736C2C9E47EA00379E79 /* LaunchScreen.storyboard */,
			);
			path = Support;
			sourceTree = "<group>";
		};
/* End PBXGroup section */

/* Begin PBXNativeTarget section */
		9B2A73172C9E20B700379E79 /* GitHubFollowers */ = {
			isa = PBXNativeTarget;
			buildConfigurationList = 9B2A732B2C9E20B900379E79 /* Build configuration list for PBXNativeTarget "GitHubFollowers" */;
			buildPhases = (
				9B2A73142C9E20B700379E79 /* Sources */,
				9B2A73152C9E20B700379E79 /* Frameworks */,
				9B2A73162C9E20B700379E79 /* Resources */,
			);
			buildRules = (
			);
			dependencies = (
			);
			name = GitHubFollowers;
			packageProductDependencies = (
			);
			productName = GitHubFollowers;
			productReference = 9B2A73182C9E20B700379E79 /* GitHubFollowers.app */;
			productType = "com.apple.product-type.application";
		};
/* End PBXNativeTarget section */

/* Begin PBXProject section */
		9B2A73102C9E20B700379E79 /* Project object */ = {
			isa = PBXProject;
			attributes = {
				BuildIndependentTargetsInParallel = 1;
				LastSwiftUpdateCheck = 1600;
				LastUpgradeCheck = 1600;
				TargetAttributes = {
					9B2A73172C9E20B700379E79 = {
						CreatedOnToolsVersion = 16.0;
					};
				};
			};
			buildConfigurationList = 9B2A73132C9E20B700379E79 /* Build configuration list for PBXProject "GitHubFollowers" */;
			developmentRegion = en;
			hasScannedForEncodings = 0;
			knownRegions = (
				en,
				Base,
			);
			mainGroup = 9B2A730F2C9E20B700379E79;
			minimizedProjectReferenceProxies = 1;
			preferredProjectObjectVersion = 77;
			productRefGroup = 9B2A73192C9E20B700379E79 /* Products */;
			projectDirPath = "";
			projectRoot = "";
			targets = (
				9B2A73172C9E20B700379E79 /* GitHubFollowers */,
			);
		};
/* End PBXProject section */

/* Begin PBXResourcesBuildPhase section */
		9B2A73162C9E20B700379E79 /* Resources */ = {
			isa = PBXResourcesBuildPhase;
			buildActionMask = 2147483647;
			files = (
				9B2A73742C9E47EA00379E79 /* Assets.xcassets in Resources */,
				9B2A73762C9E47EA00379E79 /* LaunchScreen.storyboard in Resources */,
				9BE08E3E2CA7318B00C3BE93 /* Localizable.xcstrings in Resources */,
			);
			runOnlyForDeploymentPostprocessing = 0;
		};
/* End PBXResourcesBuildPhase section */

/* Begin PBXSourcesBuildPhase section */
		9B2A73142C9E20B700379E79 /* Sources */ = {
			isa = PBXSourcesBuildPhase;
			buildActionMask = 2147483647;
			files = (
				9B2A737E2C9E601B00379E79 /* GFTextField.swift in Sources */,
				9B2A737A2C9E48A500379E79 /* FavoritesVC.swift in Sources */,
				9B2A737C2C9E56FD00379E79 /* GFButton.swift in Sources */,
				9B2A73782C9E489800379E79 /* SearchVC.swift in Sources */,
				9B5201962C9F18D600A81767 /* FollowerListVC.swift in Sources */,
				9BFD9FED2C9FA55F00317287 /* GFAlertVC.swift in Sources */,
				9BE08E362CA4C39400C3BE93 /* User.swift in Sources */,
				9BFD9FEF2C9FB1AF00317287 /* Ext+UIViewController.swift in Sources */,
				9B6514BE2CA8C1700090A878 /* GFAvatarImageView.swift in Sources */,
				9B6514BC2CA8BFF40090A878 /* FollowerCell.swift in Sources */,
				9B60F3D82CA4C0FE0012D585 /* Follower.swift in Sources */,
				9B2A73702C9E47EA00379E79 /* AppDelegate.swift in Sources */,
				9BFD9FE92C9FA11400317287 /* GFTitleLabel.swift in Sources */,
				9BDBB82A2C9F26FF00B792C1 /* String+Ext.swift in Sources */,
				9BE08E3C2CA5D71E00C3BE93 /* ErrorMessage.swift in Sources */,
				9BE08E392CA4DFD400C3BE93 /* NetworkManager.swift in Sources */,
				9B2A73722C9E47EA00379E79 /* SceneDelegate.swift in Sources */,
				9BFD9FEB2C9FA3AA00317287 /* GFBodyLabel.swift in Sources */,
			);
			runOnlyForDeploymentPostprocessing = 0;
		};
/* End PBXSourcesBuildPhase section */

/* Begin PBXVariantGroup section */
		9B2A736C2C9E47EA00379E79 /* LaunchScreen.storyboard */ = {
			isa = PBXVariantGroup;
			children = (
				9B2A736B2C9E47EA00379E79 /* Base */,
			);
			name = LaunchScreen.storyboard;
			sourceTree = "<group>";
		};
/* End PBXVariantGroup section */

/* Begin XCBuildConfiguration section */
		9B2A732C2C9E20B900379E79 /* Debug */ = {
			isa = XCBuildConfiguration;
			buildSettings = {
				ASSETCATALOG_COMPILER_APPICON_NAME = AppIcon;
				ASSETCATALOG_COMPILER_GLOBAL_ACCENT_COLOR_NAME = AccentColor;
				CODE_SIGN_STYLE = Automatic;
				CURRENT_PROJECT_VERSION = 1;
				GENERATE_INFOPLIST_FILE = YES;
				INFOPLIST_FILE = GitHubFollowers/Info.plist;
				INFOPLIST_KEY_UIApplicationSupportsIndirectInputEvents = YES;
				INFOPLIST_KEY_UILaunchStoryboardName = LaunchScreen;
				INFOPLIST_KEY_UIStatusBarHidden = YES;
				INFOPLIST_KEY_UISupportedInterfaceOrientations = UIInterfaceOrientationPortrait;
				IPHONEOS_DEPLOYMENT_TARGET = 16.6;
				LD_RUNPATH_SEARCH_PATHS = (
					"$(inherited)",
					"@executable_path/Frameworks",
				);
				MARKETING_VERSION = 1.0;
				PRODUCT_BUNDLE_IDENTIFIER = "Victor-Mont-Morency.GitHubFollowers";
				PRODUCT_NAME = "$(TARGET_NAME)";
				SUPPORTED_PLATFORMS = "iphoneos iphonesimulator";
				SUPPORTS_MACCATALYST = NO;
				SUPPORTS_MAC_DESIGNED_FOR_IPHONE_IPAD = NO;
				SUPPORTS_XR_DESIGNED_FOR_IPHONE_IPAD = NO;
				SWIFT_EMIT_LOC_STRINGS = YES;
				SWIFT_VERSION = 5.0;
				TARGETED_DEVICE_FAMILY = 1;
			};
			name = Debug;
		};
		9B2A732D2C9E20B900379E79 /* Release */ = {
			isa = XCBuildConfiguration;
			buildSettings = {
				ASSETCATALOG_COMPILER_APPICON_NAME = AppIcon;
				ASSETCATALOG_COMPILER_GLOBAL_ACCENT_COLOR_NAME = AccentColor;
				CODE_SIGN_STYLE = Automatic;
				CURRENT_PROJECT_VERSION = 1;
				GENERATE_INFOPLIST_FILE = YES;
				INFOPLIST_FILE = GitHubFollowers/Info.plist;
				INFOPLIST_KEY_UIApplicationSupportsIndirectInputEvents = YES;
				INFOPLIST_KEY_UILaunchStoryboardName = LaunchScreen;
				INFOPLIST_KEY_UIStatusBarHidden = YES;
				INFOPLIST_KEY_UISupportedInterfaceOrientations = UIInterfaceOrientationPortrait;
				IPHONEOS_DEPLOYMENT_TARGET = 16.6;
				LD_RUNPATH_SEARCH_PATHS = (
					"$(inherited)",
					"@executable_path/Frameworks",
				);
				MARKETING_VERSION = 1.0;
				PRODUCT_BUNDLE_IDENTIFIER = "Victor-Mont-Morency.GitHubFollowers";
				PRODUCT_NAME = "$(TARGET_NAME)";
				SUPPORTED_PLATFORMS = "iphoneos iphonesimulator";
				SUPPORTS_MACCATALYST = NO;
				SUPPORTS_MAC_DESIGNED_FOR_IPHONE_IPAD = NO;
				SUPPORTS_XR_DESIGNED_FOR_IPHONE_IPAD = NO;
				SWIFT_EMIT_LOC_STRINGS = YES;
				SWIFT_VERSION = 5.0;
				TARGETED_DEVICE_FAMILY = 1;
			};
			name = Release;
		};
		9B2A732E2C9E20B900379E79 /* Debug */ = {
			isa = XCBuildConfiguration;
			buildSettings = {
				ALWAYS_SEARCH_USER_PATHS = NO;
				ASSETCATALOG_COMPILER_GENERATE_SWIFT_ASSET_SYMBOL_EXTENSIONS = YES;
				CLANG_ANALYZER_NONNULL = YES;
				CLANG_ANALYZER_NUMBER_OBJECT_CONVERSION = YES_AGGRESSIVE;
				CLANG_CXX_LANGUAGE_STANDARD = "gnu++20";
				CLANG_ENABLE_MODULES = YES;
				CLANG_ENABLE_OBJC_ARC = YES;
				CLANG_ENABLE_OBJC_WEAK = YES;
				CLANG_WARN_BLOCK_CAPTURE_AUTORELEASING = YES;
				CLANG_WARN_BOOL_CONVERSION = YES;
				CLANG_WARN_COMMA = YES;
				CLANG_WARN_CONSTANT_CONVERSION = YES;
				CLANG_WARN_DEPRECATED_OBJC_IMPLEMENTATIONS = YES;
				CLANG_WARN_DIRECT_OBJC_ISA_USAGE = YES_ERROR;
				CLANG_WARN_DOCUMENTATION_COMMENTS = YES;
				CLANG_WARN_EMPTY_BODY = YES;
				CLANG_WARN_ENUM_CONVERSION = YES;
				CLANG_WARN_INFINITE_RECURSION = YES;
				CLANG_WARN_INT_CONVERSION = YES;
				CLANG_WARN_NON_LITERAL_NULL_CONVERSION = YES;
				CLANG_WARN_OBJC_IMPLICIT_RETAIN_SELF = YES;
				CLANG_WARN_OBJC_LITERAL_CONVERSION = YES;
				CLANG_WARN_OBJC_ROOT_CLASS = YES_ERROR;
				CLANG_WARN_QUOTED_INCLUDE_IN_FRAMEWORK_HEADER = YES;
				CLANG_WARN_RANGE_LOOP_ANALYSIS = YES;
				CLANG_WARN_STRICT_PROTOTYPES = YES;
				CLANG_WARN_SUSPICIOUS_MOVE = YES;
				CLANG_WARN_UNGUARDED_AVAILABILITY = YES_AGGRESSIVE;
				CLANG_WARN_UNREACHABLE_CODE = YES;
				CLANG_WARN__DUPLICATE_METHOD_MATCH = YES;
				COPY_PHASE_STRIP = NO;
				DEBUG_INFORMATION_FORMAT = dwarf;
				ENABLE_STRICT_OBJC_MSGSEND = YES;
				ENABLE_TESTABILITY = YES;
				ENABLE_USER_SCRIPT_SANDBOXING = YES;
				GCC_C_LANGUAGE_STANDARD = gnu17;
				GCC_DYNAMIC_NO_PIC = NO;
				GCC_NO_COMMON_BLOCKS = YES;
				GCC_OPTIMIZATION_LEVEL = 0;
				GCC_PREPROCESSOR_DEFINITIONS = (
					"DEBUG=1",
					"$(inherited)",
				);
				GCC_WARN_64_TO_32_BIT_CONVERSION = YES;
				GCC_WARN_ABOUT_RETURN_TYPE = YES_ERROR;
				GCC_WARN_UNDECLARED_SELECTOR = YES;
				GCC_WARN_UNINITIALIZED_AUTOS = YES_AGGRESSIVE;
				GCC_WARN_UNUSED_FUNCTION = YES;
				GCC_WARN_UNUSED_VARIABLE = YES;
				IPHONEOS_DEPLOYMENT_TARGET = 18.0;
				LOCALIZATION_PREFERS_STRING_CATALOGS = YES;
				MTL_ENABLE_DEBUG_INFO = INCLUDE_SOURCE;
				MTL_FAST_MATH = YES;
				ONLY_ACTIVE_ARCH = YES;
				SDKROOT = iphoneos;
				SWIFT_ACTIVE_COMPILATION_CONDITIONS = "DEBUG $(inherited)";
				SWIFT_EMIT_LOC_STRINGS = YES;
				SWIFT_OPTIMIZATION_LEVEL = "-Onone";
			};
			name = Debug;
		};
		9B2A732F2C9E20B900379E79 /* Release */ = {
			isa = XCBuildConfiguration;
			buildSettings = {
				ALWAYS_SEARCH_USER_PATHS = NO;
				ASSETCATALOG_COMPILER_GENERATE_SWIFT_ASSET_SYMBOL_EXTENSIONS = YES;
				CLANG_ANALYZER_NONNULL = YES;
				CLANG_ANALYZER_NUMBER_OBJECT_CONVERSION = YES_AGGRESSIVE;
				CLANG_CXX_LANGUAGE_STANDARD = "gnu++20";
				CLANG_ENABLE_MODULES = YES;
				CLANG_ENABLE_OBJC_ARC = YES;
				CLANG_ENABLE_OBJC_WEAK = YES;
				CLANG_WARN_BLOCK_CAPTURE_AUTORELEASING = YES;
				CLANG_WARN_BOOL_CONVERSION = YES;
				CLANG_WARN_COMMA = YES;
				CLANG_WARN_CONSTANT_CONVERSION = YES;
				CLANG_WARN_DEPRECATED_OBJC_IMPLEMENTATIONS = YES;
				CLANG_WARN_DIRECT_OBJC_ISA_USAGE = YES_ERROR;
				CLANG_WARN_DOCUMENTATION_COMMENTS = YES;
				CLANG_WARN_EMPTY_BODY = YES;
				CLANG_WARN_ENUM_CONVERSION = YES;
				CLANG_WARN_INFINITE_RECURSION = YES;
				CLANG_WARN_INT_CONVERSION = YES;
				CLANG_WARN_NON_LITERAL_NULL_CONVERSION = YES;
				CLANG_WARN_OBJC_IMPLICIT_RETAIN_SELF = YES;
				CLANG_WARN_OBJC_LITERAL_CONVERSION = YES;
				CLANG_WARN_OBJC_ROOT_CLASS = YES_ERROR;
				CLANG_WARN_QUOTED_INCLUDE_IN_FRAMEWORK_HEADER = YES;
				CLANG_WARN_RANGE_LOOP_ANALYSIS = YES;
				CLANG_WARN_STRICT_PROTOTYPES = YES;
				CLANG_WARN_SUSPICIOUS_MOVE = YES;
				CLANG_WARN_UNGUARDED_AVAILABILITY = YES_AGGRESSIVE;
				CLANG_WARN_UNREACHABLE_CODE = YES;
				CLANG_WARN__DUPLICATE_METHOD_MATCH = YES;
				COPY_PHASE_STRIP = NO;
				DEBUG_INFORMATION_FORMAT = "dwarf-with-dsym";
				ENABLE_NS_ASSERTIONS = NO;
				ENABLE_STRICT_OBJC_MSGSEND = YES;
				ENABLE_USER_SCRIPT_SANDBOXING = YES;
				GCC_C_LANGUAGE_STANDARD = gnu17;
				GCC_NO_COMMON_BLOCKS = YES;
				GCC_WARN_64_TO_32_BIT_CONVERSION = YES;
				GCC_WARN_ABOUT_RETURN_TYPE = YES_ERROR;
				GCC_WARN_UNDECLARED_SELECTOR = YES;
				GCC_WARN_UNINITIALIZED_AUTOS = YES_AGGRESSIVE;
				GCC_WARN_UNUSED_FUNCTION = YES;
				GCC_WARN_UNUSED_VARIABLE = YES;
				IPHONEOS_DEPLOYMENT_TARGET = 18.0;
				LOCALIZATION_PREFERS_STRING_CATALOGS = YES;
				MTL_ENABLE_DEBUG_INFO = NO;
				MTL_FAST_MATH = YES;
				SDKROOT = iphoneos;
				SWIFT_COMPILATION_MODE = wholemodule;
				SWIFT_EMIT_LOC_STRINGS = YES;
				VALIDATE_PRODUCT = YES;
			};
			name = Release;
		};
/* End XCBuildConfiguration section */

/* Begin XCConfigurationList section */
		9B2A73132C9E20B700379E79 /* Build configuration list for PBXProject "GitHubFollowers" */ = {
			isa = XCConfigurationList;
			buildConfigurations = (
				9B2A732E2C9E20B900379E79 /* Debug */,
				9B2A732F2C9E20B900379E79 /* Release */,
			);
			defaultConfigurationIsVisible = 0;
			defaultConfigurationName = Release;
		};
		9B2A732B2C9E20B900379E79 /* Build configuration list for PBXNativeTarget "GitHubFollowers" */ = {
			isa = XCConfigurationList;
			buildConfigurations = (
				9B2A732C2C9E20B900379E79 /* Debug */,
				9B2A732D2C9E20B900379E79 /* Release */,
			);
			defaultConfigurationIsVisible = 0;
			defaultConfigurationName = Release;
		};
/* End XCConfigurationList section */
	};
	rootObject = 9B2A73102C9E20B700379E79 /* Project object */;
}
